
Microsoft Visual Studio Solution File, Format Version 12.00
# Visual Studio 15
VisualStudioVersion = 15.0.27428.2015
MinimumVisualStudioVersion = 10.0.40219.1
Project("{8BC9CEB8-8B4A-11D0-8D11-00A0C91BC942}") = "LuaGame", "LuaGame\LuaGame.vcxproj", "{A4579F30-7546-4B51-88A9-E8CA5A42D9FD}"
EndProject
Project("{8BC9CEB8-8B4A-11D0-8D11-00A0C91BC942}") = "LuaWrapper", "LuaWrapper\LuaWrapper.vcxproj", "{BA6E6B79-0C82-491A-8D04-9D70055EBB7E}"
EndProject
Global
	GlobalSection(SolutionConfigurationPlatforms) = preSolution
		Debug|x64 = Debug|x64
		Debug|x86 = Debug|x86
		Release|x64 = Release|x64
		Release|x86 = Release|x86
	EndGlobalSection
	GlobalSection(ProjectConfigurationPlatforms) = postSolution
		{A4579F30-7546-4B51-88A9-E8CA5A42D9FD}.Debug|x64.ActiveCfg = Debug|x64
		{A4579F30-7546-4B51-88A9-E8CA5A42D9FD}.Debug|x64.Build.0 = Debug|x64
		{A4579F30-7546-4B51-88A9-E8CA5A42D9FD}.Debug|x86.ActiveCfg = Debug|Win32
		{A4579F30-7546-4B51-88A9-E8CA5A42D9FD}.Debug|x86.Build.0 = Debug|Win32
		{A4579F30-7546-4B51-88A9-E8CA5A42D9FD}.Release|x64.ActiveCfg = Release|x64
		{A4579F30-7546-4B51-88A9-E8CA5A42D9FD}.Release|x64.Build.0 = Release|x64
		{A4579F30-7546-4B51-88A9-E8CA5A42D9FD}.Release|x86.ActiveCfg = Release|Win32
		{A4579F30-7546-4B51-88A9-E8CA5A42D9FD}.Release|x86.Build.0 = Release|Win32
		{BA6E6B79-0C82-491A-8D04-9D70055EBB7E}.Debug|x64.ActiveCfg = Debug|x64
		{BA6E6B79-0C82-491A-8D04-9D70055EBB7E}.Debug|x64.Build.0 = Debug|x64
		{BA6E6B79-0C82-491A-8D04-9D70055EBB7E}.Debug|x86.ActiveCfg = Debug|Win32
		{BA6E6B79-0C82-491A-8D04-9D70055EBB7E}.Debug|x86.Build.0 = Debug|Win32
		{BA6E6B79-0C82-491A-8D04-9D70055EBB7E}.Release|x64.ActiveCfg = Release|x64
		{BA6E6B79-0C82-491A-8D04-9D70055EBB7E}.Release|x64.Build.0 = Release|x64
		{BA6E6B79-0C82-491A-8D04-9D70055EBB7E}.Release|x86.ActiveCfg = Release|Win32
		{BA6E6B79-0C82-491A-8D04-9D70055EBB7E}.Release|x86.Build.0 = Release|Win32
	EndGlobalSection
	GlobalSection(SolutionProperties) = preSolution
		HideSolutionNode = FALSE
	EndGlobalSection
	GlobalSection(ExtensibilityGlobals) = postSolution
		SolutionGuid = {08D4B11C-6378-4773-A289-09DC42DBC967}
	EndGlobalSection
EndGlobal
